
Microsoft Visual Studio Solution File, Format Version 12.00
# Visual Studio Version 16
VisualStudioVersion = 16.0.32106.194
MinimumVisualStudioVersion = 10.0.40219.1
Project("{FAE04EC0-301F-11D3-BF4B-00C04F79EFBC}") = "WpfApp1", "WpfApp1.csproj", "{EA959960-C627-48A2-A1D5-60F85CEC717C}"
EndProject
Global
	GlobalSection(SolutionConfigurationPlatforms) = preSolution
		Debug|Any CPU = Debug|Any CPU
		Release|Any CPU = Release|Any CPU
	EndGlobalSection
	GlobalSection(ProjectConfigurationPlatforms) = postSolution
		{EA959960-C627-48A2-A1D5-60F85CEC717C}.Debug|Any CPU.ActiveCfg = Debug|Any CPU
		{EA959960-C627-48A2-A1D5-60F85CEC717C}.Debug|Any CPU.Build.0 = Debug|Any CPU
		{EA959960-C627-48A2-A1D5-60F85CEC717C}.Release|Any CPU.ActiveCfg = Release|Any CPU
		{EA959960-C627-48A2-A1D5-60F85CEC717C}.Release|Any CPU.Build.0 = Release|Any CPU
	EndGlobalSection
	GlobalSection(SolutionProperties) = preSolution
		HideSolutionNode = FALSE
	EndGlobalSection
	GlobalSection(ExtensibilityGlobals) = postSolution
		SolutionGuid = {5C97ADE2-3548-4111-A4E6-DB1E331423C7}
	EndGlobalSection
EndGlobal
